
Microsoft Visual Studio Solution File, Format Version 12.00
# Visual Studio 2012
Project("{FAE04EC0-301F-11D3-BF4B-00C04F79EFBC}") = "Acceptance", "Acceptance\Acceptance.csproj", "{04C6E3AA-81DD-41FD-962F-58688E819DD0}"
EndProject
Project("{FAE04EC0-301F-11D3-BF4B-00C04F79EFBC}") = "BrokerRipSite", "BrokerRipSite\BrokerRipSite.csproj", "{01DE5822-7A80-4F21-81B2-9F5AAD5327BC}"
EndProject
Project("{2150E333-8FDC-42A3-9474-1A3956D46DE8}") = ".nuget", ".nuget", "{85E6D0B9-617A-478D-B86F-1FFE7FC06568}"
	ProjectSection(SolutionItems) = preProject
		.nuget\packages.config = .nuget\packages.config
	EndProjectSection
EndProject
Project("{FAE04EC0-301F-11D3-BF4B-00C04F79EFBC}") = "Logic", "Logic\Logic.csproj", "{6F69428E-4CFC-4834-AF09-BDDD61F32540}"
EndProject
Project("{FAE04EC0-301F-11D3-BF4B-00C04F79EFBC}") = "Entity", "Entity\Entity.csproj", "{D5819AB2-4FFC-4F17-939A-BB0BFC7A23C0}"
EndProject
Project("{FAE04EC0-301F-11D3-BF4B-00C04F79EFBC}") = "Unit", "Unit\Unit.csproj", "{5A6AD00B-C291-43AC-9B84-817DF5B0BC5F}"
EndProject
Global
	GlobalSection(SolutionConfigurationPlatforms) = preSolution
		Debug|Any CPU = Debug|Any CPU
		Release|Any CPU = Release|Any CPU
	EndGlobalSection
	GlobalSection(ProjectConfigurationPlatforms) = postSolution
		{04C6E3AA-81DD-41FD-962F-58688E819DD0}.Debug|Any CPU.ActiveCfg = Debug|Any CPU
		{04C6E3AA-81DD-41FD-962F-58688E819DD0}.Debug|Any CPU.Build.0 = Debug|Any CPU
		{04C6E3AA-81DD-41FD-962F-58688E819DD0}.Release|Any CPU.ActiveCfg = Release|Any CPU
		{04C6E3AA-81DD-41FD-962F-58688E819DD0}.Release|Any CPU.Build.0 = Release|Any CPU
		{01DE5822-7A80-4F21-81B2-9F5AAD5327BC}.Debug|Any CPU.ActiveCfg = Debug|Any CPU
		{01DE5822-7A80-4F21-81B2-9F5AAD5327BC}.Debug|Any CPU.Build.0 = Debug|Any CPU
		{01DE5822-7A80-4F21-81B2-9F5AAD5327BC}.Release|Any CPU.ActiveCfg = Release|Any CPU
		{01DE5822-7A80-4F21-81B2-9F5AAD5327BC}.Release|Any CPU.Build.0 = Release|Any CPU
		{6F69428E-4CFC-4834-AF09-BDDD61F32540}.Debug|Any CPU.ActiveCfg = Debug|Any CPU
		{6F69428E-4CFC-4834-AF09-BDDD61F32540}.Debug|Any CPU.Build.0 = Debug|Any CPU
		{6F69428E-4CFC-4834-AF09-BDDD61F32540}.Release|Any CPU.ActiveCfg = Release|Any CPU
		{6F69428E-4CFC-4834-AF09-BDDD61F32540}.Release|Any CPU.Build.0 = Release|Any CPU
		{D5819AB2-4FFC-4F17-939A-BB0BFC7A23C0}.Debug|Any CPU.ActiveCfg = Debug|Any CPU
		{D5819AB2-4FFC-4F17-939A-BB0BFC7A23C0}.Debug|Any CPU.Build.0 = Debug|Any CPU
		{D5819AB2-4FFC-4F17-939A-BB0BFC7A23C0}.Release|Any CPU.ActiveCfg = Release|Any CPU
		{D5819AB2-4FFC-4F17-939A-BB0BFC7A23C0}.Release|Any CPU.Build.0 = Release|Any CPU
		{5A6AD00B-C291-43AC-9B84-817DF5B0BC5F}.Debug|Any CPU.ActiveCfg = Debug|Any CPU
		{5A6AD00B-C291-43AC-9B84-817DF5B0BC5F}.Debug|Any CPU.Build.0 = Debug|Any CPU
		{5A6AD00B-C291-43AC-9B84-817DF5B0BC5F}.Release|Any CPU.ActiveCfg = Release|Any CPU
		{5A6AD00B-C291-43AC-9B84-817DF5B0BC5F}.Release|Any CPU.Build.0 = Release|Any CPU
	EndGlobalSection
	GlobalSection(SolutionProperties) = preSolution
		HideSolutionNode = FALSE
	EndGlobalSection
EndGlobal
